// !$*UTF8*$!
{
	archiveVersion = 1;
	classes = {
	};
	objectVersion = 55;
	objects = {

/* Begin PBXBuildFile section */
		009A349428BA8C4B0028BE1B /* SimpleFlippApp.swift in Sources */ = {isa = PBXBuildFile; fileRef = 009A349328BA8C4B0028BE1B /* SimpleFlippApp.swift */; };
		009A349628BA8C4B0028BE1B /* ContentView.swift in Sources */ = {isa = PBXBuildFile; fileRef = 009A349528BA8C4B0028BE1B /* ContentView.swift */; };
		009A349828BA8C4C0028BE1B /* Assets.xcassets in Resources */ = {isa = PBXBuildFile; fileRef = 009A349728BA8C4C0028BE1B /* Assets.xcassets */; };
		009A349B28BA8C4C0028BE1B /* Preview Assets.xcassets in Resources */ = {isa = PBXBuildFile; fileRef = 009A349A28BA8C4C0028BE1B /* Preview Assets.xcassets */; };
		009A34A228C4FFFD0028BE1B /* SettingsTab.swift in Sources */ = {isa = PBXBuildFile; fileRef = 009A34A128C4FFFD0028BE1B /* SettingsTab.swift */; };
		009A34A428C500920028BE1B /* PromotionsTab.swift in Sources */ = {isa = PBXBuildFile; fileRef = 009A34A328C500920028BE1B /* PromotionsTab.swift */; };
		009A34A728C500E70028BE1B /* ShoppingListTab.swift in Sources */ = {isa = PBXBuildFile; fileRef = 009A34A628C500E70028BE1B /* ShoppingListTab.swift */; };
		00D8D6D328C79A3000340423 /* Flyer.swift in Sources */ = {isa = PBXBuildFile; fileRef = 00D8D6D228C79A3000340423 /* Flyer.swift */; };
/* End PBXBuildFile section */

/* Begin PBXFileReference section */
		009A349028BA8C4B0028BE1B /* SimpleFlipp.app */ = {isa = PBXFileReference; explicitFileType = wrapper.application; includeInIndex = 0; path = SimpleFlipp.app; sourceTree = BUILT_PRODUCTS_DIR; };
		009A349328BA8C4B0028BE1B /* SimpleFlippApp.swift */ = {isa = PBXFileReference; lastKnownFileType = sourcecode.swift; path = SimpleFlippApp.swift; sourceTree = "<group>"; };
		009A349528BA8C4B0028BE1B /* ContentView.swift */ = {isa = PBXFileReference; lastKnownFileType = sourcecode.swift; path = ContentView.swift; sourceTree = "<group>"; };
		009A349728BA8C4C0028BE1B /* Assets.xcassets */ = {isa = PBXFileReference; lastKnownFileType = folder.assetcatalog; path = Assets.xcassets; sourceTree = "<group>"; };
		009A349A28BA8C4C0028BE1B /* Preview Assets.xcassets */ = {isa = PBXFileReference; lastKnownFileType = folder.assetcatalog; path = "Preview Assets.xcassets"; sourceTree = "<group>"; };
		009A34A128C4FFFD0028BE1B /* SettingsTab.swift */ = {isa = PBXFileReference; lastKnownFileType = sourcecode.swift; path = SettingsTab.swift; sourceTree = "<group>"; };
		009A34A328C500920028BE1B /* PromotionsTab.swift */ = {isa = PBXFileReference; lastKnownFileType = sourcecode.swift; path = PromotionsTab.swift; sourceTree = "<group>"; };
		009A34A628C500E70028BE1B /* ShoppingListTab.swift */ = {isa = PBXFileReference; lastKnownFileType = sourcecode.swift; path = ShoppingListTab.swift; sourceTree = "<group>"; };
		00D8D6D228C79A3000340423 /* Flyer.swift */ = {isa = PBXFileReference; lastKnownFileType = sourcecode.swift; path = Flyer.swift; sourceTree = "<group>"; };
/* End PBXFileReference section */

/* Begin PBXFrameworksBuildPhase section */
		009A348D28BA8C4B0028BE1B /* Frameworks */ = {
			isa = PBXFrameworksBuildPhase;
			buildActionMask = 2147483647;
			files = (
			);
			runOnlyForDeploymentPostprocessing = 0;
		};
/* End PBXFrameworksBuildPhase section */

/* Begin PBXGroup section */
		009A348728BA8C4B0028BE1B = {
			isa = PBXGroup;
			children = (
				009A349228BA8C4B0028BE1B /* SimpleFlipp */,
				009A349128BA8C4B0028BE1B /* Products */,
			);
			sourceTree = "<group>";
		};
		009A349128BA8C4B0028BE1B /* Products */ = {
			isa = PBXGroup;
			children = (
				009A349028BA8C4B0028BE1B /* SimpleFlipp.app */,
			);
			name = Products;
			sourceTree = "<group>";
		};
		009A349228BA8C4B0028BE1B /* SimpleFlipp */ = {
			isa = PBXGroup;
			children = (
				00D8D6D128C79A0B00340423 /* StaticData */,
				009A34A528C5009C0028BE1B /* Tabs */,
				009A349328BA8C4B0028BE1B /* SimpleFlippApp.swift */,
				009A349528BA8C4B0028BE1B /* ContentView.swift */,
				009A349728BA8C4C0028BE1B /* Assets.xcassets */,
				009A349928BA8C4C0028BE1B /* Preview Content */,
			);
			path = SimpleFlipp;
			sourceTree = "<group>";
		};
		009A349928BA8C4C0028BE1B /* Preview Content */ = {
			isa = PBXGroup;
			children = (
				009A349A28BA8C4C0028BE1B /* Preview Assets.xcassets */,
			);
			path = "Preview Content";
			sourceTree = "<group>";
		};
		009A34A528C5009C0028BE1B /* Tabs */ = {
			isa = PBXGroup;
			children = (
				009A34A128C4FFFD0028BE1B /* SettingsTab.swift */,
				009A34A328C500920028BE1B /* PromotionsTab.swift */,
				009A34A628C500E70028BE1B /* ShoppingListTab.swift */,
			);
			path = Tabs;
			sourceTree = "<group>";
		};
		00D8D6D128C79A0B00340423 /* StaticData */ = {
			isa = PBXGroup;
			children = (
				00D8D6D228C79A3000340423 /* Flyer.swift */,
			);
			path = StaticData;
			sourceTree = "<group>";
		};
/* End PBXGroup section */

/* Begin PBXNativeTarget section */
		009A348F28BA8C4B0028BE1B /* SimpleFlipp */ = {
			isa = PBXNativeTarget;
			buildConfigurationList = 009A349E28BA8C4C0028BE1B /* Build configuration list for PBXNativeTarget "SimpleFlipp" */;
			buildPhases = (
				009A348C28BA8C4B0028BE1B /* Sources */,
				009A348D28BA8C4B0028BE1B /* Frameworks */,
				009A348E28BA8C4B0028BE1B /* Resources */,
			);
			buildRules = (
			);
			dependencies = (
			);
			name = SimpleFlipp;
			productName = SimpleFlipp;
			productReference = 009A349028BA8C4B0028BE1B /* SimpleFlipp.app */;
			productType = "com.apple.product-type.application";
		};
/* End PBXNativeTarget section */

/* Begin PBXProject section */
		009A348828BA8C4B0028BE1B /* Project object */ = {
			isa = PBXProject;
			attributes = {
				BuildIndependentTargetsInParallel = 1;
				LastSwiftUpdateCheck = 1340;
				LastUpgradeCheck = 1340;
				TargetAttributes = {
					009A348F28BA8C4B0028BE1B = {
						CreatedOnToolsVersion = 13.4.1;
					};
				};
			};
			buildConfigurationList = 009A348B28BA8C4B0028BE1B /* Build configuration list for PBXProject "SimpleFlipp" */;
			compatibilityVersion = "Xcode 13.0";
			developmentRegion = en;
			hasScannedForEncodings = 0;
			knownRegions = (
				en,
				Base,
			);
			mainGroup = 009A348728BA8C4B0028BE1B;
			productRefGroup = 009A349128BA8C4B0028BE1B /* Products */;
			projectDirPath = "";
			projectRoot = "";
			targets = (
				009A348F28BA8C4B0028BE1B /* SimpleFlipp */,
			);
		};
/* End PBXProject section */

/* Begin PBXResourcesBuildPhase section */
		009A348E28BA8C4B0028BE1B /* Resources */ = {
			isa = PBXResourcesBuildPhase;
			buildActionMask = 2147483647;
			files = (
				009A349B28BA8C4C0028BE1B /* Preview Assets.xcassets in Resources */,
				009A349828BA8C4C0028BE1B /* Assets.xcassets in Resources */,
			);
			runOnlyForDeploymentPostprocessing = 0;
		};
/* End PBXResourcesBuildPhase section */

/* Begin PBXSourcesBuildPhase section */
		009A348C28BA8C4B0028BE1B /* Sources */ = {
			isa = PBXSourcesBuildPhase;
			buildActionMask = 2147483647;
			files = (
				009A34A228C4FFFD0028BE1B /* SettingsTab.swift in Sources */,
				009A349628BA8C4B0028BE1B /* ContentView.swift in Sources */,
				009A349428BA8C4B0028BE1B /* SimpleFlippApp.swift in Sources */,
				009A34A428C500920028BE1B /* PromotionsTab.swift in Sources */,
				00D8D6D328C79A3000340423 /* Flyer.swift in Sources */,
				009A34A728C500E70028BE1B /* ShoppingListTab.swift in Sources */,
			);
			runOnlyForDeploymentPostprocessing = 0;
		};
/* End PBXSourcesBuildPhase section */

/* Begin XCBuildConfiguration section */
		009A349C28BA8C4C0028BE1B /* Debug */ = {
			isa = XCBuildConfiguration;
			buildSettings = {
				ALWAYS_SEARCH_USER_PATHS = NO;
				CLANG_ANALYZER_NONNULL = YES;
				CLANG_ANALYZER_NUMBER_OBJECT_CONVERSION = YES_AGGRESSIVE;
				CLANG_CXX_LANGUAGE_STANDARD = "gnu++17";
				CLANG_ENABLE_MODULES = YES;
				CLANG_ENABLE_OBJC_ARC = YES;
				CLANG_ENABLE_OBJC_WEAK = YES;
				CLANG_WARN_BLOCK_CAPTURE_AUTORELEASING = YES;
				CLANG_WARN_BOOL_CONVERSION = YES;
				CLANG_WARN_COMMA = YES;
				CLANG_WARN_CONSTANT_CONVERSION = YES;
				CLANG_WARN_DEPRECATED_OBJC_IMPLEMENTATIONS = YES;
				CLANG_WARN_DIRECT_OBJC_ISA_USAGE = YES_ERROR;
				CLANG_WARN_DOCUMENTATION_COMMENTS = YES;
				CLANG_WARN_EMPTY_BODY = YES;
				CLANG_WARN_ENUM_CONVERSION = YES;
				CLANG_WARN_INFINITE_RECURSION = YES;
				CLANG_WARN_INT_CONVERSION = YES;
				CLANG_WARN_NON_LITERAL_NULL_CONVERSION = YES;
				CLANG_WARN_OBJC_IMPLICIT_RETAIN_SELF = YES;
				CLANG_WARN_OBJC_LITERAL_CONVERSION = YES;
				CLANG_WARN_OBJC_ROOT_CLASS = YES_ERROR;
				CLANG_WARN_QUOTED_INCLUDE_IN_FRAMEWORK_HEADER = YES;
				CLANG_WARN_RANGE_LOOP_ANALYSIS = YES;
				CLANG_WARN_STRICT_PROTOTYPES = YES;
				CLANG_WARN_SUSPICIOUS_MOVE = YES;
				CLANG_WARN_UNGUARDED_AVAILABILITY = YES_AGGRESSIVE;
				CLANG_WARN_UNREACHABLE_CODE = YES;
				CLANG_WARN__DUPLICATE_METHOD_MATCH = YES;
				COPY_PHASE_STRIP = NO;
				DEBUG_INFORMATION_FORMAT = dwarf;
				ENABLE_STRICT_OBJC_MSGSEND = YES;
				ENABLE_TESTABILITY = YES;
				GCC_C_LANGUAGE_STANDARD = gnu11;
				GCC_DYNAMIC_NO_PIC = NO;
				GCC_NO_COMMON_BLOCKS = YES;
				GCC_OPTIMIZATION_LEVEL = 0;
				GCC_PREPROCESSOR_DEFINITIONS = (
					"DEBUG=1",
					"$(inherited)",
				);
				GCC_WARN_64_TO_32_BIT_CONVERSION = YES;
				GCC_WARN_ABOUT_RETURN_TYPE = YES_ERROR;
				GCC_WARN_UNDECLARED_SELECTOR = YES;
				GCC_WARN_UNINITIALIZED_AUTOS = YES_AGGRESSIVE;
				GCC_WARN_UNUSED_FUNCTION = YES;
				GCC_WARN_UNUSED_VARIABLE = YES;
				IPHONEOS_DEPLOYMENT_TARGET = 15.5;
				MTL_ENABLE_DEBUG_INFO = INCLUDE_SOURCE;
				MTL_FAST_MATH = YES;
				ONLY_ACTIVE_ARCH = YES;
				SDKROOT = iphoneos;
				SWIFT_ACTIVE_COMPILATION_CONDITIONS = DEBUG;
				SWIFT_OPTIMIZATION_LEVEL = "-Onone";
			};
			name = Debug;
		};
		009A349D28BA8C4C0028BE1B /* Release */ = {
			isa = XCBuildConfiguration;
			buildSettings = {
				ALWAYS_SEARCH_USER_PATHS = NO;
				CLANG_ANALYZER_NONNULL = YES;
				CLANG_ANALYZER_NUMBER_OBJECT_CONVERSION = YES_AGGRESSIVE;
				CLANG_CXX_LANGUAGE_STANDARD = "gnu++17";
				CLANG_ENABLE_MODULES = YES;
				CLANG_ENABLE_OBJC_ARC = YES;
				CLANG_ENABLE_OBJC_WEAK = YES;
				CLANG_WARN_BLOCK_CAPTURE_AUTORELEASING = YES;
				CLANG_WARN_BOOL_CONVERSION = YES;
				CLANG_WARN_COMMA = YES;
				CLANG_WARN_CONSTANT_CONVERSION = YES;
				CLANG_WARN_DEPRECATED_OBJC_IMPLEMENTATIONS = YES;
				CLANG_WARN_DIRECT_OBJC_ISA_USAGE = YES_ERROR;
				CLANG_WARN_DOCUMENTATION_COMMENTS = YES;
				CLANG_WARN_EMPTY_BODY = YES;
				CLANG_WARN_ENUM_CONVERSION = YES;
				CLANG_WARN_INFINITE_RECURSION = YES;
				CLANG_WARN_INT_CONVERSION = YES;
				CLANG_WARN_NON_LITERAL_NULL_CONVERSION = YES;
				CLANG_WARN_OBJC_IMPLICIT_RETAIN_SELF = YES;
				CLANG_WARN_OBJC_LITERAL_CONVERSION = YES;
				CLANG_WARN_OBJC_ROOT_CLASS = YES_ERROR;
				CLANG_WARN_QUOTED_INCLUDE_IN_FRAMEWORK_HEADER = YES;
				CLANG_WARN_RANGE_LOOP_ANALYSIS = YES;
				CLANG_WARN_STRICT_PROTOTYPES = YES;
				CLANG_WARN_SUSPICIOUS_MOVE = YES;
				CLANG_WARN_UNGUARDED_AVAILABILITY = YES_AGGRESSIVE;
				CLANG_WARN_UNREACHABLE_CODE = YES;
				CLANG_WARN__DUPLICATE_METHOD_MATCH = YES;
				COPY_PHASE_STRIP = NO;
				DEBUG_INFORMATION_FORMAT = "dwarf-with-dsym";
				ENABLE_NS_ASSERTIONS = NO;
				ENABLE_STRICT_OBJC_MSGSEND = YES;
				GCC_C_LANGUAGE_STANDARD = gnu11;
				GCC_NO_COMMON_BLOCKS = YES;
				GCC_WARN_64_TO_32_BIT_CONVERSION = YES;
				GCC_WARN_ABOUT_RETURN_TYPE = YES_ERROR;
				GCC_WARN_UNDECLARED_SELECTOR = YES;
				GCC_WARN_UNINITIALIZED_AUTOS = YES_AGGRESSIVE;
				GCC_WARN_UNUSED_FUNCTION = YES;
				GCC_WARN_UNUSED_VARIABLE = YES;
				IPHONEOS_DEPLOYMENT_TARGET = 15.5;
				MTL_ENABLE_DEBUG_INFO = NO;
				MTL_FAST_MATH = YES;
				SDKROOT = iphoneos;
				SWIFT_COMPILATION_MODE = wholemodule;
				SWIFT_OPTIMIZATION_LEVEL = "-O";
				VALIDATE_PRODUCT = YES;
			};
			name = Release;
		};
		009A349F28BA8C4C0028BE1B /* Debug */ = {
			isa = XCBuildConfiguration;
			buildSettings = {
				ASSETCATALOG_COMPILER_APPICON_NAME = AppIcon;
				ASSETCATALOG_COMPILER_GLOBAL_ACCENT_COLOR_NAME = AccentColor;
				CODE_SIGN_STYLE = Automatic;
				CURRENT_PROJECT_VERSION = 1;
				DEVELOPMENT_ASSET_PATHS = "\"SimpleFlipp/Preview Content\"";
				DEVELOPMENT_TEAM = 8L3DMT2784;
				ENABLE_PREVIEWS = YES;
				GENERATE_INFOPLIST_FILE = YES;
				INFOPLIST_KEY_UIApplicationSceneManifest_Generation = YES;
				INFOPLIST_KEY_UIApplicationSupportsIndirectInputEvents = YES;
				INFOPLIST_KEY_UILaunchScreen_Generation = YES;
				INFOPLIST_KEY_UISupportedInterfaceOrientations_iPad = "UIInterfaceOrientationPortrait UIInterfaceOrientationPortraitUpsideDown UIInterfaceOrientationLandscapeLeft UIInterfaceOrientationLandscapeRight";
				INFOPLIST_KEY_UISupportedInterfaceOrientations_iPhone = "UIInterfaceOrientationPortrait UIInterfaceOrientationLandscapeLeft UIInterfaceOrientationLandscapeRight";
				LD_RUNPATH_SEARCH_PATHS = (
					"$(inherited)",
					"@executable_path/Frameworks",
				);
				MARKETING_VERSION = 1.0;
				PRODUCT_BUNDLE_IDENTIFIER = TinaP.SimpleFlipp;
				PRODUCT_NAME = "$(TARGET_NAME)";
				SWIFT_EMIT_LOC_STRINGS = YES;
				SWIFT_VERSION = 5.0;
				TARGETED_DEVICE_FAMILY = "1,2";
			};
			name = Debug;
		};
		009A34A028BA8C4C0028BE1B /* Release */ = {
			isa = XCBuildConfiguration;
			buildSettings = {
				ASSETCATALOG_COMPILER_APPICON_NAME = AppIcon;
				ASSETCATALOG_COMPILER_GLOBAL_ACCENT_COLOR_NAME = AccentColor;
				CODE_SIGN_STYLE = Automatic;
				CURRENT_PROJECT_VERSION = 1;
				DEVELOPMENT_ASSET_PATHS = "\"SimpleFlipp/Preview Content\"";
				DEVELOPMENT_TEAM = 8L3DMT2784;
				ENABLE_PREVIEWS = YES;
				GENERATE_INFOPLIST_FILE = YES;
				INFOPLIST_KEY_UIApplicationSceneManifest_Generation = YES;
				INFOPLIST_KEY_UIApplicationSupportsIndirectInputEvents = YES;
				INFOPLIST_KEY_UILaunchScreen_Generation = YES;
				INFOPLIST_KEY_UISupportedInterfaceOrientations_iPad = "UIInterfaceOrientationPortrait UIInterfaceOrientationPortraitUpsideDown UIInterfaceOrientationLandscapeLeft UIInterfaceOrientationLandscapeRight";
				INFOPLIST_KEY_UISupportedInterfaceOrientations_iPhone = "UIInterfaceOrientationPortrait UIInterfaceOrientationLandscapeLeft UIInterfaceOrientationLandscapeRight";
				LD_RUNPATH_SEARCH_PATHS = (
					"$(inherited)",
					"@executable_path/Frameworks",
				);
				MARKETING_VERSION = 1.0;
				PRODUCT_BUNDLE_IDENTIFIER = TinaP.SimpleFlipp;
				PRODUCT_NAME = "$(TARGET_NAME)";
				SWIFT_EMIT_LOC_STRINGS = YES;
				SWIFT_VERSION = 5.0;
				TARGETED_DEVICE_FAMILY = "1,2";
			};
			name = Release;
		};
/* End XCBuildConfiguration section */

/* Begin XCConfigurationList section */
		009A348B28BA8C4B0028BE1B /* Build configuration list for PBXProject "SimpleFlipp" */ = {
			isa = XCConfigurationList;
			buildConfigurations = (
				009A349C28BA8C4C0028BE1B /* Debug */,
				009A349D28BA8C4C0028BE1B /* Release */,
			);
			defaultConfigurationIsVisible = 0;
			defaultConfigurationName = Release;
		};
		009A349E28BA8C4C0028BE1B /* Build configuration list for PBXNativeTarget "SimpleFlipp" */ = {
			isa = XCConfigurationList;
			buildConfigurations = (
				009A349F28BA8C4C0028BE1B /* Debug */,
				009A34A028BA8C4C0028BE1B /* Release */,
			);
			defaultConfigurationIsVisible = 0;
			defaultConfigurationName = Release;
		};
/* End XCConfigurationList section */
	};
	rootObject = 009A348828BA8C4B0028BE1B /* Project object */;
}
